
Microsoft Visual Studio Solution File, Format Version 12.00
# Visual Studio Version 16
VisualStudioVersion = 16.0.32630.194
MinimumVisualStudioVersion = 10.0.40219.1
Project("{9A19103F-16F7-4668-BE54-9A1E7A4F7556}") = "Pro690P2APP", "Pro690P2App\Pro690P2APP.csproj", "{93B5E6A8-C2F8-4AB7-B385-DA4A22490CCC}"
EndProject
Project("{9A19103F-16F7-4668-BE54-9A1E7A4F7556}") = "XUnitTestProject1", "XUnitTestProject1\XUnitTestProject1.csproj", "{DA005300-A71B-4316-95EB-5F132833FD6C}"
EndProject
Global
	GlobalSection(SolutionConfigurationPlatforms) = preSolution
		Debug|Any CPU = Debug|Any CPU
		Release|Any CPU = Release|Any CPU
	EndGlobalSection
	GlobalSection(ProjectConfigurationPlatforms) = postSolution
		{93B5E6A8-C2F8-4AB7-B385-DA4A22490CCC}.Debug|Any CPU.ActiveCfg = Debug|Any CPU
		{93B5E6A8-C2F8-4AB7-B385-DA4A22490CCC}.Debug|Any CPU.Build.0 = Debug|Any CPU
		{93B5E6A8-C2F8-4AB7-B385-DA4A22490CCC}.Release|Any CPU.ActiveCfg = Release|Any CPU
		{93B5E6A8-C2F8-4AB7-B385-DA4A22490CCC}.Release|Any CPU.Build.0 = Release|Any CPU
		{DA005300-A71B-4316-95EB-5F132833FD6C}.Debug|Any CPU.ActiveCfg = Debug|Any CPU
		{DA005300-A71B-4316-95EB-5F132833FD6C}.Debug|Any CPU.Build.0 = Debug|Any CPU
		{DA005300-A71B-4316-95EB-5F132833FD6C}.Release|Any CPU.ActiveCfg = Release|Any CPU
		{DA005300-A71B-4316-95EB-5F132833FD6C}.Release|Any CPU.Build.0 = Release|Any CPU
	EndGlobalSection
	GlobalSection(SolutionProperties) = preSolution
		HideSolutionNode = FALSE
	EndGlobalSection
	GlobalSection(ExtensibilityGlobals) = postSolution
		SolutionGuid = {994260A1-F2ED-4358-8389-0E5E6D38CA85}
	EndGlobalSection
EndGlobal
